
Microsoft Visual Studio Solution File, Format Version 12.00
# Visual Studio Version 17
VisualStudioVersion = 17.11.35327.3
MinimumVisualStudioVersion = 10.0.40219.1
Project("{8BC9CEB8-8B4A-11D0-8D11-00A0C91BC942}") = "CP_Thread-safe_Queue", "CP_Thread-safe_Queue.vcxproj", "{14E5AECE-ABAC-4FD4-A7BC-F745FC79F7C7}"
EndProject
Global
	GlobalSection(SolutionConfigurationPlatforms) = preSolution
		Debug|x64 = Debug|x64
		Debug|x86 = Debug|x86
		Release|x64 = Release|x64
		Release|x86 = Release|x86
	EndGlobalSection
	GlobalSection(ProjectConfigurationPlatforms) = postSolution
		{14E5AECE-ABAC-4FD4-A7BC-F745FC79F7C7}.Debug|x64.ActiveCfg = Debug|x64
		{14E5AECE-ABAC-4FD4-A7BC-F745FC79F7C7}.Debug|x64.Build.0 = Debug|x64
		{14E5AECE-ABAC-4FD4-A7BC-F745FC79F7C7}.Debug|x86.ActiveCfg = Debug|Win32
		{14E5AECE-ABAC-4FD4-A7BC-F745FC79F7C7}.Debug|x86.Build.0 = Debug|Win32
		{14E5AECE-ABAC-4FD4-A7BC-F745FC79F7C7}.Release|x64.ActiveCfg = Release|x64
		{14E5AECE-ABAC-4FD4-A7BC-F745FC79F7C7}.Release|x64.Build.0 = Release|x64
		{14E5AECE-ABAC-4FD4-A7BC-F745FC79F7C7}.Release|x86.ActiveCfg = Release|Win32
		{14E5AECE-ABAC-4FD4-A7BC-F745FC79F7C7}.Release|x86.Build.0 = Release|Win32
	EndGlobalSection
	GlobalSection(SolutionProperties) = preSolution
		HideSolutionNode = FALSE
	EndGlobalSection
	GlobalSection(ExtensibilityGlobals) = postSolution
		SolutionGuid = {4D2096B6-30F1-4428-B88C-D6ADAC39D71A}
	EndGlobalSection
EndGlobal
